
Microsoft Visual Studio Solution File, Format Version 12.00
# Visual Studio Version 16
VisualStudioVersion = 16.0.30114.105
MinimumVisualStudioVersion = 10.0.40219.1
Project("{9A19103F-16F7-4668-BE54-9A1E7A4F7556}") = "HASH.DiscountCalculator", "HASH.DiscountCalculator\HASH.DiscountCalculator.csproj", "{DF67469D-CE94-4F63-9402-B4B13FEFEEE2}"
EndProject
Project("{FAE04EC0-301F-11D3-BF4B-00C04F79EFBC}") = "HASH.DiscountCalculator.Tests", "HASH.DiscountCalculator.Tests\HASH.DiscountCalculator.Tests.csproj", "{8EDD6B6C-0E4E-4E5B-AA77-BE0C42F79F46}"
EndProject
Global
	GlobalSection(SolutionConfigurationPlatforms) = preSolution
		Debug|Any CPU = Debug|Any CPU
		Release|Any CPU = Release|Any CPU
	EndGlobalSection
	GlobalSection(ProjectConfigurationPlatforms) = postSolution
		{DF67469D-CE94-4F63-9402-B4B13FEFEEE2}.Debug|Any CPU.ActiveCfg = Debug|Any CPU
		{DF67469D-CE94-4F63-9402-B4B13FEFEEE2}.Debug|Any CPU.Build.0 = Debug|Any CPU
		{DF67469D-CE94-4F63-9402-B4B13FEFEEE2}.Release|Any CPU.ActiveCfg = Release|Any CPU
		{DF67469D-CE94-4F63-9402-B4B13FEFEEE2}.Release|Any CPU.Build.0 = Release|Any CPU
		{8EDD6B6C-0E4E-4E5B-AA77-BE0C42F79F46}.Debug|Any CPU.ActiveCfg = Debug|Any CPU
		{8EDD6B6C-0E4E-4E5B-AA77-BE0C42F79F46}.Debug|Any CPU.Build.0 = Debug|Any CPU
		{8EDD6B6C-0E4E-4E5B-AA77-BE0C42F79F46}.Release|Any CPU.ActiveCfg = Release|Any CPU
		{8EDD6B6C-0E4E-4E5B-AA77-BE0C42F79F46}.Release|Any CPU.Build.0 = Release|Any CPU
	EndGlobalSection
	GlobalSection(SolutionProperties) = preSolution
		HideSolutionNode = FALSE
	EndGlobalSection
	GlobalSection(ExtensibilityGlobals) = postSolution
		SolutionGuid = {4779D097-3BC4-4CDE-9670-47BF41D0B57D}
	EndGlobalSection
EndGlobal
